
Microsoft Visual Studio Solution File, Format Version 12.00
# Visual Studio Version 17
VisualStudioVersion = 17.5.33502.453
MinimumVisualStudioVersion = 10.0.40219.1
Project("{8BC9CEB8-8B4A-11D0-8D11-00A0C91BC942}") = "CircularQueues_202", "CircularQueues_202\CircularQueues_202.vcxproj", "{EAF3CD8E-5D77-4237-92F6-1D28CDC94BD9}"
EndProject
Global
	GlobalSection(SolutionConfigurationPlatforms) = preSolution
		Debug|x64 = Debug|x64
		Debug|x86 = Debug|x86
		Release|x64 = Release|x64
		Release|x86 = Release|x86
	EndGlobalSection
	GlobalSection(ProjectConfigurationPlatforms) = postSolution
		{EAF3CD8E-5D77-4237-92F6-1D28CDC94BD9}.Debug|x64.ActiveCfg = Debug|x64
		{EAF3CD8E-5D77-4237-92F6-1D28CDC94BD9}.Debug|x64.Build.0 = Debug|x64
		{EAF3CD8E-5D77-4237-92F6-1D28CDC94BD9}.Debug|x86.ActiveCfg = Debug|Win32
		{EAF3CD8E-5D77-4237-92F6-1D28CDC94BD9}.Debug|x86.Build.0 = Debug|Win32
		{EAF3CD8E-5D77-4237-92F6-1D28CDC94BD9}.Release|x64.ActiveCfg = Release|x64
		{EAF3CD8E-5D77-4237-92F6-1D28CDC94BD9}.Release|x64.Build.0 = Release|x64
		{EAF3CD8E-5D77-4237-92F6-1D28CDC94BD9}.Release|x86.ActiveCfg = Release|Win32
		{EAF3CD8E-5D77-4237-92F6-1D28CDC94BD9}.Release|x86.Build.0 = Release|Win32
	EndGlobalSection
	GlobalSection(SolutionProperties) = preSolution
		HideSolutionNode = FALSE
	EndGlobalSection
	GlobalSection(ExtensibilityGlobals) = postSolution
		SolutionGuid = {41B0FDAC-9662-491B-BE0F-055A283DA4F8}
	EndGlobalSection
EndGlobal
